<?xml version="1.0" encoding="utf-8"?>
<Project ToolsVersion="4.0" xmlns="http://schemas.microsoft.com/developer/msbuild/2003">
  <ItemGroup>
    <Filter Include="Source Files">
      <UniqueIdentifier>{4FC737F1-C7A5-4376-A066-2A32D752A2FF}</UniqueIdentifier>
      <Extensions>cpp;c;cc;cxx;c++;cppm;ixx;def;odl;idl;hpj;bat;asm;asmx</Extensions>
    </Filter>
    <Filter Include="Header Files">
      <UniqueIdentifier>{93995380-89BD-4b04-88EB-625FBE52EBFB}</UniqueIdentifier>
      <Extensions>h;hh;hpp;hxx;h++;hm;inl;inc;ipp;xsd</Extensions>
    </Filter>
    <Filter Include="Resource Files">
      <UniqueIdentifier>{67DA6AB6-F800-4c08-8B7A-83BB121AAD01}</UniqueIdentifier>
      <Extensions>rc;ico;cur;bmp;dlg;rc2;rct;bin;rgs;gif;jpg;jpeg;jpe;resx;tiff;tif;png;wav;mfcribbon-ms</Extensions>
    </Filter>
  </ItemGroup>
  <ItemGroup>
    <ClCompile Include="main.cpp">
      <Filter>Source Files</Filter>
    </ClCompile>
    <ClCompile Include="utils\Bitmap.hpp">
      <Filter>Source Files</Filter>
    </ClCompile>
    <ClCompile Include="VulkanWrapper\Window.cpp">
      <Filter>Source Files</Filter>
    </ClCompile>
    <ClCompile Include="utils\Bitmap.cpp">
      <Filter>Source Files</Filter>
    </ClCompile>
    <ClCompile Include="VulkanWrapper\Buffer.cpp">
      <Filter>Source Files</Filter>
    </ClCompile>
    <ClCompile Include="VulkanWrapper\Camera.cpp">
      <Filter>Source Files</Filter>
    </ClCompile>
    <ClCompile Include="VulkanWrapper\Device.cpp">
      <Filter>Source Files</Filter>
    </ClCompile>
    <ClCompile Include="VulkanWrapper\Descriptors.cpp">
      <Filter>Source Files</Filter>
    </ClCompile>
    <ClCompile Include="VulkanWrapper\SwapChain.cpp">
      <Filter>Source Files</Filter>
    </ClCompile>
    <ClCompile Include="VulkanWrapper\Renderer.cpp">
      <Filter>Source Files</Filter>
    </ClCompile>
    <ClCompile Include="VulkanWrapper\GraphicsPipeline.cpp">
      <Filter>Source Files</Filter>
    </ClCompile>
    <ClCompile Include="VulkanWrapper\Model.cpp">
      <Filter>Source Files</Filter>
    </ClCompile>
    <ClCompile Include="VulkanWrapper\abstract\Pipeline.cpp">
      <Filter>Source Files</Filter>
    </ClCompile>
    <ClCompile Include="VulkanWrapper\ComputePipeline.cpp">
      <Filter>Source Files</Filter>
    </ClCompile>
    <ClCompile Include="VulkanWrapper\abstract\Pipeline.hpp">
      <Filter>Header Files</Filter>
    </ClCompile>
    <ClCompile Include="VulkanWrapper\Buffer.hpp">
      <Filter>Header Files</Filter>
    </ClCompile>
    <ClCompile Include="utils\PrimitiveTypes.hpp">
      <Filter>Header Files</Filter>
    </ClCompile>
    <ClCompile Include="VulkanWrapper\Camera.hpp">
      <Filter>Header Files</Filter>
    </ClCompile>
    <ClCompile Include="VulkanWrapper\ComputePipeline.hpp">
      <Filter>Header Files</Filter>
    </ClCompile>
    <ClCompile Include="VulkanWrapper\Descriptors.hpp">
      <Filter>Header Files</Filter>
    </ClCompile>
    <ClCompile Include="VulkanWrapper\Device.hpp">
      <Filter>Header Files</Filter>
    </ClCompile>
    <ClCompile Include="VulkanWrapper\Model.hpp">
      <Filter>Header Files</Filter>
    </ClCompile>
    <ClCompile Include="VulkanWrapper\GraphicsPipeline.hpp">
      <Filter>Header Files</Filter>
    </ClCompile>
    <ClCompile Include="VulkanWrapper\Renderer.hpp">
      <Filter>Header Files</Filter>
    </ClCompile>
    <ClCompile Include="VulkanWrapper\RaytraceScene.cpp">
      <Filter>Source Files</Filter>
    </ClCompile>
    <ClCompile Include="VulkanWrapper\RaytraceScene.hpp">
      <Filter>Header Files</Filter>
    </ClCompile>
    <ClCompile Include="VulkanWrapper\SwapChain.hpp">
      <Filter>Header Files</Filter>
    </ClCompile>
    <ClCompile Include="VulkanWrapper\utils.hpp">
      <Filter>Header Files</Filter>
    </ClCompile>
    <ClCompile Include="VulkanWrapper\Window.hpp">
      <Filter>Header Files</Filter>
    </ClCompile>
    <ClCompile Include="VulkanWrapper\GameObject.cpp">
      <Filter>Source Files</Filter>
    </ClCompile>
    <ClCompile Include="VulkanWrapper\components\TransformComponent.cpp">
      <Filter>Source Files</Filter>
    </ClCompile>
    <ClCompile Include="VulkanWrapper\KeyboardMovementController.cpp">
      <Filter>Source Files</Filter>
    </ClCompile>
    <ClCompile Include="VulkanWrapper\CameraGameObject.cpp">
      <Filter>Source Files</Filter>
    </ClCompile>
    <ClCompile Include="VulkanWrapper\RTModel.cpp">
      <Filter>Source Files</Filter>
    </ClCompile>
    <ClCompile Include="Scenes.cpp">
      <Filter>Source Files</Filter>
    </ClCompile>
    <ClCompile Include="RaytracerBVH.cpp">
      <Filter>Source Files</Filter>
    </ClCompile>
  </ItemGroup>
  <ItemGroup>
    <None Include="shaders\compute\logistic.comp" />
    <None Include="compile.bat">
      <Filter>Source Files</Filter>
    </None>
    <None Include="shaders\vertex\SingleTriangleFullScreen.vert" />
    <None Include="shaders\fragment\SingleTriangleFullScreen.frag" />
    <None Include="shaders\compute\raytraceBVH.comp" />
    <None Include="shaders\include\definitions.glsl" />
    <None Include="shaders\include\random.glsl" />
    <None Include="shaders\compute\ModelSpaceToWorldSpace.comp" />
    <None Include="shaders\compute\ConstructAABBsOfInternalNodes.comp" />
    <None Include="shaders\compute\GenerateMortonCodesOfPrimitives.comp" />
    <None Include="shaders\compute\RadixSortSimple.comp" />
    <None Include="shaders\compute\ConstructHLBVH.comp" />
    <None Include="shaders\compute\raytrace.comp" />
    <None Include="shaders\compute\GetEnclosingAABB.comp" />
  </ItemGroup>
  <ItemGroup>
    <Text Include="Plan.txt" />
  </ItemGroup>
  <ItemGroup>
    <ClInclude Include="VulkanWrapper\GameObject.hpp">
      <Filter>Header Files</Filter>
    </ClInclude>
    <ClInclude Include="VulkanWrapper\components\TransformComponent.hpp">
      <Filter>Header Files</Filter>
    </ClInclude>
    <ClInclude Include="VulkanWrapper\components\PointLightComponent.hpp">
      <Filter>Header Files</Filter>
    </ClInclude>
    <ClInclude Include="VulkanWrapper\RTModel.hpp">
      <Filter>Header Files</Filter>
    </ClInclude>
    <ClInclude Include="VulkanWrapper\SceneTypes.hpp">
      <Filter>Header Files</Filter>
    </ClInclude>
    <ClInclude Include="VulkanWrapper\CameraGameObject.hpp">
      <Filter>Header Files</Filter>
    </ClInclude>
    <ClInclude Include="VulkanWrapper\KeyboardMovementController.hpp">
      <Filter>Header Files</Filter>
    </ClInclude>
    <ClInclude Include="Scenes.hpp">
      <Filter>Header Files</Filter>
    </ClInclude>
    <ClInclude Include="Config.hpp">
      <Filter>Header Files</Filter>
    </ClInclude>
    <ClInclude Include="utils\Functors.hpp">
      <Filter>Header Files</Filter>
    </ClInclude>
    <ClInclude Include="utils\Functions.hpp">
      <Filter>Header Files</Filter>
    </ClInclude>
    <ClInclude Include="utils\Concepts.hpp">
      <Filter>Header Files</Filter>
    </ClInclude>
    <ClInclude Include="RaytracerBVH.hpp">
      <Filter>Header Files</Filter>
    </ClInclude>
  </ItemGroup>
</Project>